
Microsoft Visual Studio Solution File, Format Version 12.00
Project("{FAE04EC0-301F-11D3-BF4B-00C04F79EFBC}") = "SharpWasher", "SharpWasher\SharpWasher.csproj", "{CEB96B4D-B6BB-40E1-950A-2B90D7E150B7}"
EndProject
Global
	GlobalSection(SolutionConfigurationPlatforms) = preSolution
		Debug|Any CPU = Debug|Any CPU
		Release|Any CPU = Release|Any CPU
	EndGlobalSection
	GlobalSection(ProjectConfigurationPlatforms) = postSolution
		{CEB96B4D-B6BB-40E1-950A-2B90D7E150B7}.Debug|Any CPU.ActiveCfg = Debug|Any CPU
		{CEB96B4D-B6BB-40E1-950A-2B90D7E150B7}.Debug|Any CPU.Build.0 = Debug|Any CPU
		{CEB96B4D-B6BB-40E1-950A-2B90D7E150B7}.Release|Any CPU.ActiveCfg = Release|Any CPU
		{CEB96B4D-B6BB-40E1-950A-2B90D7E150B7}.Release|Any CPU.Build.0 = Release|Any CPU
	EndGlobalSection
EndGlobal
